
Microsoft Visual Studio Solution File, Format Version 12.00
# Visual Studio Version 16
VisualStudioVersion = 16.0.29020.237
MinimumVisualStudioVersion = 10.0.40219.1
Project("{9A19103F-16F7-4668-BE54-9A1E7A4F7556}") = "UrlShorten.Web", "UrlShorten.Web\UrlShorten.Web.csproj", "{DE5B64DD-0D31-4CE2-8990-64D715447438}"
EndProject
Project("{9A19103F-16F7-4668-BE54-9A1E7A4F7556}") = "UrlShorten.EntityFrameworkCore", "UrlShorten.EntityFrameworkCore\UrlShorten.EntityFrameworkCore.csproj", "{111A8B1E-18AE-4CEB-9DD0-DAFC853C99BF}"
EndProject
Project("{9A19103F-16F7-4668-BE54-9A1E7A4F7556}") = "UrlShorten.Service", "UrlShorten.Service\UrlShorten.Service.csproj", "{72B0647F-B29D-49C9-AFBA-85C219B478A6}"
EndProject
Project("{9A19103F-16F7-4668-BE54-9A1E7A4F7556}") = "UrlShorten.UnitTests", "UrlShorten.XUnitTest\UrlShorten.UnitTests.csproj", "{076CEEA8-2F82-46DB-A098-E2F2AFE5C803}"
EndProject
Project("{2150E333-8FDC-42A3-9474-1A3956D46DE8}") = "src", "src", "{1DB59225-9B27-41C2-B173-0598DAECE7CB}"
EndProject
Project("{2150E333-8FDC-42A3-9474-1A3956D46DE8}") = "test", "test", "{90BEECD5-F7FA-4738-8C95-32FC06F523BC}"
EndProject
Global
	GlobalSection(SolutionConfigurationPlatforms) = preSolution
		Debug|Any CPU = Debug|Any CPU
		Release|Any CPU = Release|Any CPU
	EndGlobalSection
	GlobalSection(ProjectConfigurationPlatforms) = postSolution
		{DE5B64DD-0D31-4CE2-8990-64D715447438}.Debug|Any CPU.ActiveCfg = Debug|Any CPU
		{DE5B64DD-0D31-4CE2-8990-64D715447438}.Debug|Any CPU.Build.0 = Debug|Any CPU
		{DE5B64DD-0D31-4CE2-8990-64D715447438}.Release|Any CPU.ActiveCfg = Release|Any CPU
		{DE5B64DD-0D31-4CE2-8990-64D715447438}.Release|Any CPU.Build.0 = Release|Any CPU
		{111A8B1E-18AE-4CEB-9DD0-DAFC853C99BF}.Debug|Any CPU.ActiveCfg = Debug|Any CPU
		{111A8B1E-18AE-4CEB-9DD0-DAFC853C99BF}.Debug|Any CPU.Build.0 = Debug|Any CPU
		{111A8B1E-18AE-4CEB-9DD0-DAFC853C99BF}.Release|Any CPU.ActiveCfg = Release|Any CPU
		{111A8B1E-18AE-4CEB-9DD0-DAFC853C99BF}.Release|Any CPU.Build.0 = Release|Any CPU
		{72B0647F-B29D-49C9-AFBA-85C219B478A6}.Debug|Any CPU.ActiveCfg = Debug|Any CPU
		{72B0647F-B29D-49C9-AFBA-85C219B478A6}.Debug|Any CPU.Build.0 = Debug|Any CPU
		{72B0647F-B29D-49C9-AFBA-85C219B478A6}.Release|Any CPU.ActiveCfg = Release|Any CPU
		{72B0647F-B29D-49C9-AFBA-85C219B478A6}.Release|Any CPU.Build.0 = Release|Any CPU
		{076CEEA8-2F82-46DB-A098-E2F2AFE5C803}.Debug|Any CPU.ActiveCfg = Debug|Any CPU
		{076CEEA8-2F82-46DB-A098-E2F2AFE5C803}.Debug|Any CPU.Build.0 = Debug|Any CPU
		{076CEEA8-2F82-46DB-A098-E2F2AFE5C803}.Release|Any CPU.ActiveCfg = Release|Any CPU
		{076CEEA8-2F82-46DB-A098-E2F2AFE5C803}.Release|Any CPU.Build.0 = Release|Any CPU
	EndGlobalSection
	GlobalSection(SolutionProperties) = preSolution
		HideSolutionNode = FALSE
	EndGlobalSection
	GlobalSection(NestedProjects) = preSolution
		{DE5B64DD-0D31-4CE2-8990-64D715447438} = {1DB59225-9B27-41C2-B173-0598DAECE7CB}
		{111A8B1E-18AE-4CEB-9DD0-DAFC853C99BF} = {1DB59225-9B27-41C2-B173-0598DAECE7CB}
		{72B0647F-B29D-49C9-AFBA-85C219B478A6} = {1DB59225-9B27-41C2-B173-0598DAECE7CB}
		{076CEEA8-2F82-46DB-A098-E2F2AFE5C803} = {90BEECD5-F7FA-4738-8C95-32FC06F523BC}
	EndGlobalSection
	GlobalSection(ExtensibilityGlobals) = postSolution
		SolutionGuid = {B509FD8E-39D9-4448-AF60-AF8B03847DE0}
	EndGlobalSection
EndGlobal
